
Microsoft Visual Studio Solution File, Format Version 12.00
# Visual Studio Version 16
VisualStudioVersion = 16.0.31205.134
MinimumVisualStudioVersion = 10.0.40219.1
Project("{FAE04EC0-301F-11D3-BF4B-00C04F79EFBC}") = "WorkShop1", "WorkShop1\WorkShop1.csproj", "{7972C91B-462C-42AD-AAA8-DCCC00438CBF}"
EndProject
Global
	GlobalSection(SolutionConfigurationPlatforms) = preSolution
		Debug|Any CPU = Debug|Any CPU
		Release|Any CPU = Release|Any CPU
	EndGlobalSection
	GlobalSection(ProjectConfigurationPlatforms) = postSolution
		{7972C91B-462C-42AD-AAA8-DCCC00438CBF}.Debug|Any CPU.ActiveCfg = Debug|Any CPU
		{7972C91B-462C-42AD-AAA8-DCCC00438CBF}.Debug|Any CPU.Build.0 = Debug|Any CPU
		{7972C91B-462C-42AD-AAA8-DCCC00438CBF}.Release|Any CPU.ActiveCfg = Release|Any CPU
		{7972C91B-462C-42AD-AAA8-DCCC00438CBF}.Release|Any CPU.Build.0 = Release|Any CPU
	EndGlobalSection
	GlobalSection(SolutionProperties) = preSolution
		HideSolutionNode = FALSE
	EndGlobalSection
	GlobalSection(ExtensibilityGlobals) = postSolution
		SolutionGuid = {824418F2-BD17-4270-BC09-2768178F2461}
	EndGlobalSection
EndGlobal
